
Microsoft Visual Studio Solution File, Format Version 12.00
# Visual Studio 15
VisualStudioVersion = 15.0.28307.960
MinimumVisualStudioVersion = 10.0.40219.1
Project("{FAE04EC0-301F-11D3-BF4B-00C04F79EFBC}") = "LoanAgreementAPI", "LoanAgreementAPI\LoanAgreementAPI.csproj", "{6F612F3A-79B3-4FC4-ADB3-956A2A0B1BE7}"
EndProject
Global
	GlobalSection(SolutionConfigurationPlatforms) = preSolution
		Debug|Any CPU = Debug|Any CPU
		Release|Any CPU = Release|Any CPU
	EndGlobalSection
	GlobalSection(ProjectConfigurationPlatforms) = postSolution
		{6F612F3A-79B3-4FC4-ADB3-956A2A0B1BE7}.Debug|Any CPU.ActiveCfg = Debug|Any CPU
		{6F612F3A-79B3-4FC4-ADB3-956A2A0B1BE7}.Debug|Any CPU.Build.0 = Debug|Any CPU
		{6F612F3A-79B3-4FC4-ADB3-956A2A0B1BE7}.Release|Any CPU.ActiveCfg = Release|Any CPU
		{6F612F3A-79B3-4FC4-ADB3-956A2A0B1BE7}.Release|Any CPU.Build.0 = Release|Any CPU
	EndGlobalSection
	GlobalSection(SolutionProperties) = preSolution
		HideSolutionNode = FALSE
	EndGlobalSection
	GlobalSection(ExtensibilityGlobals) = postSolution
		SolutionGuid = {AFBCE994-01F2-4E83-AA5B-A9C0B754D390}
	EndGlobalSection
EndGlobal
